
Microsoft Visual Studio Solution File, Format Version 12.00
# Visual Studio Version 17
VisualStudioVersion = 17.3.32825.248
MinimumVisualStudioVersion = 10.0.40219.1
Project("{9A19103F-16F7-4668-BE54-9A1E7A4F7556}") = "ToysAndGames", "ToysAndGames\ToysAndGames.csproj", "{463CA527-9DA1-47D9-B012-9564A5398E21}"
EndProject
Project("{FAE04EC0-301F-11D3-BF4B-00C04F79EFBC}") = "Core", "Core\Core.csproj", "{8FC16441-58E0-4FC5-89EB-1A287A1829AC}"
EndProject
Project("{FAE04EC0-301F-11D3-BF4B-00C04F79EFBC}") = "Infrastructure", "Infrastructure\Infrastructure.csproj", "{3E237ECA-29CD-4862-8348-AD07ED372D1E}"
EndProject
Global
	GlobalSection(SolutionConfigurationPlatforms) = preSolution
		Debug|Any CPU = Debug|Any CPU
		Release|Any CPU = Release|Any CPU
	EndGlobalSection
	GlobalSection(ProjectConfigurationPlatforms) = postSolution
		{463CA527-9DA1-47D9-B012-9564A5398E21}.Debug|Any CPU.ActiveCfg = Debug|Any CPU
		{463CA527-9DA1-47D9-B012-9564A5398E21}.Debug|Any CPU.Build.0 = Debug|Any CPU
		{463CA527-9DA1-47D9-B012-9564A5398E21}.Release|Any CPU.ActiveCfg = Release|Any CPU
		{463CA527-9DA1-47D9-B012-9564A5398E21}.Release|Any CPU.Build.0 = Release|Any CPU
		{8FC16441-58E0-4FC5-89EB-1A287A1829AC}.Debug|Any CPU.ActiveCfg = Debug|Any CPU
		{8FC16441-58E0-4FC5-89EB-1A287A1829AC}.Debug|Any CPU.Build.0 = Debug|Any CPU
		{8FC16441-58E0-4FC5-89EB-1A287A1829AC}.Release|Any CPU.ActiveCfg = Release|Any CPU
		{8FC16441-58E0-4FC5-89EB-1A287A1829AC}.Release|Any CPU.Build.0 = Release|Any CPU
		{3E237ECA-29CD-4862-8348-AD07ED372D1E}.Debug|Any CPU.ActiveCfg = Debug|Any CPU
		{3E237ECA-29CD-4862-8348-AD07ED372D1E}.Debug|Any CPU.Build.0 = Debug|Any CPU
		{3E237ECA-29CD-4862-8348-AD07ED372D1E}.Release|Any CPU.ActiveCfg = Release|Any CPU
		{3E237ECA-29CD-4862-8348-AD07ED372D1E}.Release|Any CPU.Build.0 = Release|Any CPU
	EndGlobalSection
	GlobalSection(SolutionProperties) = preSolution
		HideSolutionNode = FALSE
	EndGlobalSection
	GlobalSection(ExtensibilityGlobals) = postSolution
		SolutionGuid = {C3D2C882-DC99-45AD-9E5C-73D4AB53B8BA}
	EndGlobalSection
EndGlobal
